{
  "name": "emily-portfolio-website",
  "lockfileVersion": 3,
  "requires": true,
  "packages": {
    "": {
      "dependencies": {
        "bootstrap-icons": "^1.11.3",
        "rough-notation": "^0.5.1"
      }
    },
    "node_modules/bootstrap-icons": {
      "version": "1.11.3",
      "resolved": "https://registry.npmjs.org/bootstrap-icons/-/bootstrap-icons-1.11.3.tgz",
      "integrity": "sha512-+3lpHrCw/it2/7lBL15VR0HEumaBss0+f/Lb6ZvHISn1mlK83jjFpooTLsMWbIjJMDjDjOExMsTxnXSIT4k4ww==",
      "funding": [
        {
          "type": "github",
          "url": "https://github.com/sponsors/twbs"
        },
        {
          "type": "opencollective",
          "url": "https://opencollective.com/bootstrap"
        }
      ]
    },
    "node_modules/rough-notation": {
      "version": "0.5.1",
      "resolved": "https://registry.npmjs.org/rough-notation/-/rough-notation-0.5.1.tgz",
      "integrity": "sha512-ITHofTzm13cWFVfoGsh/4c/k2Mg8geKgBCwex71UZLnNuw403tCRjYPQ68jSAd37DMbZIePXPjDgY0XdZi9HPw=="
    }
  }
}
